
Microsoft Visual Studio Solution File, Format Version 12.00
# Visual Studio 15
VisualStudioVersion = 15.0.28010.2026
MinimumVisualStudioVersion = 10.0.40219.1
Project("{8BC9CEB8-8B4A-11D0-8D11-00A0C91BC942}") = "Client", "Client\Client.vcxproj", "{AC659F46-6973-4B82-A60D-F4A361B725DA}"
EndProject
Global
	GlobalSection(SolutionConfigurationPlatforms) = preSolution
		Debug|x64 = Debug|x64
		Debug|x86 = Debug|x86
		Release|x64 = Release|x64
		Release|x86 = Release|x86
	EndGlobalSection
	GlobalSection(ProjectConfigurationPlatforms) = postSolution
		{AC659F46-6973-4B82-A60D-F4A361B725DA}.Debug|x64.ActiveCfg = Debug|x64
		{AC659F46-6973-4B82-A60D-F4A361B725DA}.Debug|x64.Build.0 = Debug|x64
		{AC659F46-6973-4B82-A60D-F4A361B725DA}.Debug|x86.ActiveCfg = Debug|Win32
		{AC659F46-6973-4B82-A60D-F4A361B725DA}.Debug|x86.Build.0 = Debug|Win32
		{AC659F46-6973-4B82-A60D-F4A361B725DA}.Release|x64.ActiveCfg = Release|x64
		{AC659F46-6973-4B82-A60D-F4A361B725DA}.Release|x64.Build.0 = Release|x64
		{AC659F46-6973-4B82-A60D-F4A361B725DA}.Release|x86.ActiveCfg = Release|Win32
		{AC659F46-6973-4B82-A60D-F4A361B725DA}.Release|x86.Build.0 = Release|Win32
	EndGlobalSection
	GlobalSection(SolutionProperties) = preSolution
		HideSolutionNode = FALSE
	EndGlobalSection
	GlobalSection(ExtensibilityGlobals) = postSolution
		SolutionGuid = {6B5C4A9B-321E-483D-8720-02FD0FCAF089}
	EndGlobalSection
EndGlobal
